# This file is automatically @generated by Cargo.
# It is not intended for manual editing.
[[package]]
name = "mlog"
version = "0.1.0"
dependencies = [
 "strsim 0.10.0 (registry+https://github.com/rust-lang/crates.io-index)",
]

[[package]]
name = "strsim"
version = "0.10.0"
source = "registry+https://github.com/rust-lang/crates.io-index"

[metadata]
"checksum strsim 0.10.0 (registry+https://github.com/rust-lang/crates.io-index)" = "73473c0e59e6d5812c5dfe2a064a6444949f089e20eec9a2e5506596494e4623"
